
Microsoft Visual Studio Solution File, Format Version 12.00
# Visual Studio Version 16
VisualStudioVersion = 16.0.29411.108
MinimumVisualStudioVersion = 10.0.40219.1
Project("{2150E333-8FDC-42A3-9474-1A3956D46DE8}") = "1. Padrões de Criação", "1. Padrões de Criação", "{D5A916FF-EDF8-4754-9C81-3F1563F2F6BF}"
EndProject
Project("{2150E333-8FDC-42A3-9474-1A3956D46DE8}") = "2. Padrões Estruturais", "2. Padrões Estruturais", "{0DF0CDC0-BDF8-4875-B1FA-5E91310B13F2}"
EndProject
Project("{2150E333-8FDC-42A3-9474-1A3956D46DE8}") = "3. Padrões Comportamentais", "3. Padrões Comportamentais", "{05AB7F0C-5018-4498-86C9-0176DCFB42C6}"
EndProject
Project("{FAE04EC0-301F-11D3-BF4B-00C04F79EFBC}") = "GoF.FactoryMethod", "FactoryMethod\GoF.FactoryMethod.csproj", "{8B1D9E4E-6FAE-4CDD-82AB-95B1A1F52485}"
EndProject
Project("{FAE04EC0-301F-11D3-BF4B-00C04F79EFBC}") = "GoF.AbstractFactory", "AbstractFactory\GoF.AbstractFactory.csproj", "{6B7AAC52-A81F-4AA3-97F8-B93A853BC2FB}"
EndProject
Project("{2150E333-8FDC-42A3-9474-1A3956D46DE8}") = "GoF", "GoF", "{56AC4F27-A549-4D2F-82A4-A4D282BDC6B2}"
EndProject
Project("{FAE04EC0-301F-11D3-BF4B-00C04F79EFBC}") = "GoF.Builder", "Builder\GoF.Builder.csproj", "{58825990-91A0-42DC-B3CA-FC5368A8E69F}"
EndProject
Project("{FAE04EC0-301F-11D3-BF4B-00C04F79EFBC}") = "GoF.Prototype", "Prototype\GoF.Prototype.csproj", "{D09DDA33-D654-4332-9640-CF8DD052DF89}"
EndProject
Project("{FAE04EC0-301F-11D3-BF4B-00C04F79EFBC}") = "GoF.Singleton", "Singleton\GoF.Singleton.csproj", "{71E35A7F-7B86-4F96-92E4-160EBE5A65FD}"
EndProject
Project("{FAE04EC0-301F-11D3-BF4B-00C04F79EFBC}") = "GoF.Adapter", "Adapter\GoF.Adapter.csproj", "{E7CC30D2-3FCF-4361-A71C-7AE7E521005C}"
EndProject
Project("{FAE04EC0-301F-11D3-BF4B-00C04F79EFBC}") = "GoF.Bridge", "Bridge\GoF.Bridge.csproj", "{F93792AF-03BD-4E94-BFC0-1FE7FF56A5DD}"
EndProject
Project("{FAE04EC0-301F-11D3-BF4B-00C04F79EFBC}") = "GoF.Composite", "Composite\GoF.Composite.csproj", "{031D66AC-A50A-4C21-B86B-6DB010FD1F3B}"
EndProject
Project("{FAE04EC0-301F-11D3-BF4B-00C04F79EFBC}") = "GoF.Decorator", "Decorator\GoF.Decorator.csproj", "{8248B9DB-3B3F-42E2-A2D9-147A15005490}"
EndProject
Project("{FAE04EC0-301F-11D3-BF4B-00C04F79EFBC}") = "GoF.Facade", "Facade\GoF.Facade.csproj", "{5ABAECC1-7A28-45C3-86DD-391B795F1C4F}"
EndProject
Project("{FAE04EC0-301F-11D3-BF4B-00C04F79EFBC}") = "GoF.Flyweight", "Flyweight\GoF.Flyweight.csproj", "{A6D7440D-255F-489B-8108-101B0148F68E}"
EndProject
Project("{FAE04EC0-301F-11D3-BF4B-00C04F79EFBC}") = "GoF.Proxy", "Proxy\GoF.Proxy.csproj", "{0C0EA27C-44FC-4C9C-9F04-B4DA11D03861}"
EndProject
Project("{FAE04EC0-301F-11D3-BF4B-00C04F79EFBC}") = "GoF.Interpreter", "Interpreter\GoF.Interpreter.csproj", "{D3587EA1-2CFE-4156-8C8B-5CB567869FBD}"
EndProject
Project("{FAE04EC0-301F-11D3-BF4B-00C04F79EFBC}") = "GoF.TemplateMethod", "TemplateMethod\GoF.TemplateMethod.csproj", "{0C9E8D79-09FC-4088-99F5-7C48019ACFD0}"
EndProject
Project("{FAE04EC0-301F-11D3-BF4B-00C04F79EFBC}") = "GoF.ChainOfResponsibility", "ChainOfResponsibility\GoF.ChainOfResponsibility.csproj", "{B5A94556-B26B-4D4F-842C-B9F89D51BDC4}"
EndProject
Project("{FAE04EC0-301F-11D3-BF4B-00C04F79EFBC}") = "GoF.Command", "Command\GoF.Command.csproj", "{9FA9F1FD-DF1E-4C36-9FE6-C36B9CC35846}"
EndProject
Project("{FAE04EC0-301F-11D3-BF4B-00C04F79EFBC}") = "GoF.Iterator", "Iterator\GoF.Iterator.csproj", "{64C16844-3DE9-4C34-92D7-35410092BBD4}"
EndProject
Project("{FAE04EC0-301F-11D3-BF4B-00C04F79EFBC}") = "GoF.Mediator", "Mediator\GoF.Mediator.csproj", "{991CEAA9-9A28-4629-9644-7E1542389547}"
EndProject
Project("{FAE04EC0-301F-11D3-BF4B-00C04F79EFBC}") = "GoF.Memento", "Memento\GoF.Memento.csproj", "{707255C2-17AA-4FC2-867D-26FB592432BC}"
EndProject
Project("{FAE04EC0-301F-11D3-BF4B-00C04F79EFBC}") = "GoF.Observer", "Observer\GoF.Observer.csproj", "{95099489-87CC-45A5-A315-17BB302FA1E3}"
EndProject
Project("{FAE04EC0-301F-11D3-BF4B-00C04F79EFBC}") = "GoF.State", "State\GoF.State.csproj", "{2775FFAB-4460-4FF9-B27E-6B800E267ACD}"
EndProject
Project("{FAE04EC0-301F-11D3-BF4B-00C04F79EFBC}") = "GoF.Stratefy", "Stratefy\GoF.Stratefy.csproj", "{71EC291A-91BA-48B5-B976-394E790C566D}"
EndProject
Project("{FAE04EC0-301F-11D3-BF4B-00C04F79EFBC}") = "GoF.Visitor", "Visitor\GoF.Visitor.csproj", "{A1B90110-8CED-4C62-AED1-12CEF3D0403F}"
EndProject
Global
	GlobalSection(SolutionConfigurationPlatforms) = preSolution
		Debug|Any CPU = Debug|Any CPU
		Release|Any CPU = Release|Any CPU
	EndGlobalSection
	GlobalSection(ProjectConfigurationPlatforms) = postSolution
		{8B1D9E4E-6FAE-4CDD-82AB-95B1A1F52485}.Debug|Any CPU.ActiveCfg = Debug|Any CPU
		{8B1D9E4E-6FAE-4CDD-82AB-95B1A1F52485}.Debug|Any CPU.Build.0 = Debug|Any CPU
		{8B1D9E4E-6FAE-4CDD-82AB-95B1A1F52485}.Release|Any CPU.ActiveCfg = Release|Any CPU
		{8B1D9E4E-6FAE-4CDD-82AB-95B1A1F52485}.Release|Any CPU.Build.0 = Release|Any CPU
		{6B7AAC52-A81F-4AA3-97F8-B93A853BC2FB}.Debug|Any CPU.ActiveCfg = Debug|Any CPU
		{6B7AAC52-A81F-4AA3-97F8-B93A853BC2FB}.Debug|Any CPU.Build.0 = Debug|Any CPU
		{6B7AAC52-A81F-4AA3-97F8-B93A853BC2FB}.Release|Any CPU.ActiveCfg = Release|Any CPU
		{6B7AAC52-A81F-4AA3-97F8-B93A853BC2FB}.Release|Any CPU.Build.0 = Release|Any CPU
		{58825990-91A0-42DC-B3CA-FC5368A8E69F}.Debug|Any CPU.ActiveCfg = Debug|Any CPU
		{58825990-91A0-42DC-B3CA-FC5368A8E69F}.Debug|Any CPU.Build.0 = Debug|Any CPU
		{58825990-91A0-42DC-B3CA-FC5368A8E69F}.Release|Any CPU.ActiveCfg = Release|Any CPU
		{58825990-91A0-42DC-B3CA-FC5368A8E69F}.Release|Any CPU.Build.0 = Release|Any CPU
		{D09DDA33-D654-4332-9640-CF8DD052DF89}.Debug|Any CPU.ActiveCfg = Debug|Any CPU
		{D09DDA33-D654-4332-9640-CF8DD052DF89}.Debug|Any CPU.Build.0 = Debug|Any CPU
		{D09DDA33-D654-4332-9640-CF8DD052DF89}.Release|Any CPU.ActiveCfg = Release|Any CPU
		{D09DDA33-D654-4332-9640-CF8DD052DF89}.Release|Any CPU.Build.0 = Release|Any CPU
		{71E35A7F-7B86-4F96-92E4-160EBE5A65FD}.Debug|Any CPU.ActiveCfg = Debug|Any CPU
		{71E35A7F-7B86-4F96-92E4-160EBE5A65FD}.Debug|Any CPU.Build.0 = Debug|Any CPU
		{71E35A7F-7B86-4F96-92E4-160EBE5A65FD}.Release|Any CPU.ActiveCfg = Release|Any CPU
		{71E35A7F-7B86-4F96-92E4-160EBE5A65FD}.Release|Any CPU.Build.0 = Release|Any CPU
		{E7CC30D2-3FCF-4361-A71C-7AE7E521005C}.Debug|Any CPU.ActiveCfg = Debug|Any CPU
		{E7CC30D2-3FCF-4361-A71C-7AE7E521005C}.Debug|Any CPU.Build.0 = Debug|Any CPU
		{E7CC30D2-3FCF-4361-A71C-7AE7E521005C}.Release|Any CPU.ActiveCfg = Release|Any CPU
		{E7CC30D2-3FCF-4361-A71C-7AE7E521005C}.Release|Any CPU.Build.0 = Release|Any CPU
		{F93792AF-03BD-4E94-BFC0-1FE7FF56A5DD}.Debug|Any CPU.ActiveCfg = Debug|Any CPU
		{F93792AF-03BD-4E94-BFC0-1FE7FF56A5DD}.Debug|Any CPU.Build.0 = Debug|Any CPU
		{F93792AF-03BD-4E94-BFC0-1FE7FF56A5DD}.Release|Any CPU.ActiveCfg = Release|Any CPU
		{F93792AF-03BD-4E94-BFC0-1FE7FF56A5DD}.Release|Any CPU.Build.0 = Release|Any CPU
		{031D66AC-A50A-4C21-B86B-6DB010FD1F3B}.Debug|Any CPU.ActiveCfg = Debug|Any CPU
		{031D66AC-A50A-4C21-B86B-6DB010FD1F3B}.Debug|Any CPU.Build.0 = Debug|Any CPU
		{031D66AC-A50A-4C21-B86B-6DB010FD1F3B}.Release|Any CPU.ActiveCfg = Release|Any CPU
		{031D66AC-A50A-4C21-B86B-6DB010FD1F3B}.Release|Any CPU.Build.0 = Release|Any CPU
		{8248B9DB-3B3F-42E2-A2D9-147A15005490}.Debug|Any CPU.ActiveCfg = Debug|Any CPU
		{8248B9DB-3B3F-42E2-A2D9-147A15005490}.Debug|Any CPU.Build.0 = Debug|Any CPU
		{8248B9DB-3B3F-42E2-A2D9-147A15005490}.Release|Any CPU.ActiveCfg = Release|Any CPU
		{8248B9DB-3B3F-42E2-A2D9-147A15005490}.Release|Any CPU.Build.0 = Release|Any CPU
		{5ABAECC1-7A28-45C3-86DD-391B795F1C4F}.Debug|Any CPU.ActiveCfg = Debug|Any CPU
		{5ABAECC1-7A28-45C3-86DD-391B795F1C4F}.Debug|Any CPU.Build.0 = Debug|Any CPU
		{5ABAECC1-7A28-45C3-86DD-391B795F1C4F}.Release|Any CPU.ActiveCfg = Release|Any CPU
		{5ABAECC1-7A28-45C3-86DD-391B795F1C4F}.Release|Any CPU.Build.0 = Release|Any CPU
		{A6D7440D-255F-489B-8108-101B0148F68E}.Debug|Any CPU.ActiveCfg = Debug|Any CPU
		{A6D7440D-255F-489B-8108-101B0148F68E}.Debug|Any CPU.Build.0 = Debug|Any CPU
		{A6D7440D-255F-489B-8108-101B0148F68E}.Release|Any CPU.ActiveCfg = Release|Any CPU
		{A6D7440D-255F-489B-8108-101B0148F68E}.Release|Any CPU.Build.0 = Release|Any CPU
		{0C0EA27C-44FC-4C9C-9F04-B4DA11D03861}.Debug|Any CPU.ActiveCfg = Debug|Any CPU
		{0C0EA27C-44FC-4C9C-9F04-B4DA11D03861}.Debug|Any CPU.Build.0 = Debug|Any CPU
		{0C0EA27C-44FC-4C9C-9F04-B4DA11D03861}.Release|Any CPU.ActiveCfg = Release|Any CPU
		{0C0EA27C-44FC-4C9C-9F04-B4DA11D03861}.Release|Any CPU.Build.0 = Release|Any CPU
		{D3587EA1-2CFE-4156-8C8B-5CB567869FBD}.Debug|Any CPU.ActiveCfg = Debug|Any CPU
		{D3587EA1-2CFE-4156-8C8B-5CB567869FBD}.Debug|Any CPU.Build.0 = Debug|Any CPU
		{D3587EA1-2CFE-4156-8C8B-5CB567869FBD}.Release|Any CPU.ActiveCfg = Release|Any CPU
		{D3587EA1-2CFE-4156-8C8B-5CB567869FBD}.Release|Any CPU.Build.0 = Release|Any CPU
		{0C9E8D79-09FC-4088-99F5-7C48019ACFD0}.Debug|Any CPU.ActiveCfg = Debug|Any CPU
		{0C9E8D79-09FC-4088-99F5-7C48019ACFD0}.Debug|Any CPU.Build.0 = Debug|Any CPU
		{0C9E8D79-09FC-4088-99F5-7C48019ACFD0}.Release|Any CPU.ActiveCfg = Release|Any CPU
		{0C9E8D79-09FC-4088-99F5-7C48019ACFD0}.Release|Any CPU.Build.0 = Release|Any CPU
		{B5A94556-B26B-4D4F-842C-B9F89D51BDC4}.Debug|Any CPU.ActiveCfg = Debug|Any CPU
		{B5A94556-B26B-4D4F-842C-B9F89D51BDC4}.Debug|Any CPU.Build.0 = Debug|Any CPU
		{B5A94556-B26B-4D4F-842C-B9F89D51BDC4}.Release|Any CPU.ActiveCfg = Release|Any CPU
		{B5A94556-B26B-4D4F-842C-B9F89D51BDC4}.Release|Any CPU.Build.0 = Release|Any CPU
		{9FA9F1FD-DF1E-4C36-9FE6-C36B9CC35846}.Debug|Any CPU.ActiveCfg = Debug|Any CPU
		{9FA9F1FD-DF1E-4C36-9FE6-C36B9CC35846}.Debug|Any CPU.Build.0 = Debug|Any CPU
		{9FA9F1FD-DF1E-4C36-9FE6-C36B9CC35846}.Release|Any CPU.ActiveCfg = Release|Any CPU
		{9FA9F1FD-DF1E-4C36-9FE6-C36B9CC35846}.Release|Any CPU.Build.0 = Release|Any CPU
		{64C16844-3DE9-4C34-92D7-35410092BBD4}.Debug|Any CPU.ActiveCfg = Debug|Any CPU
		{64C16844-3DE9-4C34-92D7-35410092BBD4}.Debug|Any CPU.Build.0 = Debug|Any CPU
		{64C16844-3DE9-4C34-92D7-35410092BBD4}.Release|Any CPU.ActiveCfg = Release|Any CPU
		{64C16844-3DE9-4C34-92D7-35410092BBD4}.Release|Any CPU.Build.0 = Release|Any CPU
		{991CEAA9-9A28-4629-9644-7E1542389547}.Debug|Any CPU.ActiveCfg = Debug|Any CPU
		{991CEAA9-9A28-4629-9644-7E1542389547}.Debug|Any CPU.Build.0 = Debug|Any CPU
		{991CEAA9-9A28-4629-9644-7E1542389547}.Release|Any CPU.ActiveCfg = Release|Any CPU
		{991CEAA9-9A28-4629-9644-7E1542389547}.Release|Any CPU.Build.0 = Release|Any CPU
		{707255C2-17AA-4FC2-867D-26FB592432BC}.Debug|Any CPU.ActiveCfg = Debug|Any CPU
		{707255C2-17AA-4FC2-867D-26FB592432BC}.Debug|Any CPU.Build.0 = Debug|Any CPU
		{707255C2-17AA-4FC2-867D-26FB592432BC}.Release|Any CPU.ActiveCfg = Release|Any CPU
		{707255C2-17AA-4FC2-867D-26FB592432BC}.Release|Any CPU.Build.0 = Release|Any CPU
		{95099489-87CC-45A5-A315-17BB302FA1E3}.Debug|Any CPU.ActiveCfg = Debug|Any CPU
		{95099489-87CC-45A5-A315-17BB302FA1E3}.Debug|Any CPU.Build.0 = Debug|Any CPU
		{95099489-87CC-45A5-A315-17BB302FA1E3}.Release|Any CPU.ActiveCfg = Release|Any CPU
		{95099489-87CC-45A5-A315-17BB302FA1E3}.Release|Any CPU.Build.0 = Release|Any CPU
		{2775FFAB-4460-4FF9-B27E-6B800E267ACD}.Debug|Any CPU.ActiveCfg = Debug|Any CPU
		{2775FFAB-4460-4FF9-B27E-6B800E267ACD}.Debug|Any CPU.Build.0 = Debug|Any CPU
		{2775FFAB-4460-4FF9-B27E-6B800E267ACD}.Release|Any CPU.ActiveCfg = Release|Any CPU
		{2775FFAB-4460-4FF9-B27E-6B800E267ACD}.Release|Any CPU.Build.0 = Release|Any CPU
		{71EC291A-91BA-48B5-B976-394E790C566D}.Debug|Any CPU.ActiveCfg = Debug|Any CPU
		{71EC291A-91BA-48B5-B976-394E790C566D}.Debug|Any CPU.Build.0 = Debug|Any CPU
		{71EC291A-91BA-48B5-B976-394E790C566D}.Release|Any CPU.ActiveCfg = Release|Any CPU
		{71EC291A-91BA-48B5-B976-394E790C566D}.Release|Any CPU.Build.0 = Release|Any CPU
		{A1B90110-8CED-4C62-AED1-12CEF3D0403F}.Debug|Any CPU.ActiveCfg = Debug|Any CPU
		{A1B90110-8CED-4C62-AED1-12CEF3D0403F}.Debug|Any CPU.Build.0 = Debug|Any CPU
		{A1B90110-8CED-4C62-AED1-12CEF3D0403F}.Release|Any CPU.ActiveCfg = Release|Any CPU
		{A1B90110-8CED-4C62-AED1-12CEF3D0403F}.Release|Any CPU.Build.0 = Release|Any CPU
	EndGlobalSection
	GlobalSection(SolutionProperties) = preSolution
		HideSolutionNode = FALSE
	EndGlobalSection
	GlobalSection(NestedProjects) = preSolution
		{D5A916FF-EDF8-4754-9C81-3F1563F2F6BF} = {56AC4F27-A549-4D2F-82A4-A4D282BDC6B2}
		{0DF0CDC0-BDF8-4875-B1FA-5E91310B13F2} = {56AC4F27-A549-4D2F-82A4-A4D282BDC6B2}
		{05AB7F0C-5018-4498-86C9-0176DCFB42C6} = {56AC4F27-A549-4D2F-82A4-A4D282BDC6B2}
		{8B1D9E4E-6FAE-4CDD-82AB-95B1A1F52485} = {D5A916FF-EDF8-4754-9C81-3F1563F2F6BF}
		{6B7AAC52-A81F-4AA3-97F8-B93A853BC2FB} = {D5A916FF-EDF8-4754-9C81-3F1563F2F6BF}
		{58825990-91A0-42DC-B3CA-FC5368A8E69F} = {D5A916FF-EDF8-4754-9C81-3F1563F2F6BF}
		{D09DDA33-D654-4332-9640-CF8DD052DF89} = {D5A916FF-EDF8-4754-9C81-3F1563F2F6BF}
		{71E35A7F-7B86-4F96-92E4-160EBE5A65FD} = {D5A916FF-EDF8-4754-9C81-3F1563F2F6BF}
		{E7CC30D2-3FCF-4361-A71C-7AE7E521005C} = {0DF0CDC0-BDF8-4875-B1FA-5E91310B13F2}
		{F93792AF-03BD-4E94-BFC0-1FE7FF56A5DD} = {0DF0CDC0-BDF8-4875-B1FA-5E91310B13F2}
		{031D66AC-A50A-4C21-B86B-6DB010FD1F3B} = {0DF0CDC0-BDF8-4875-B1FA-5E91310B13F2}
		{8248B9DB-3B3F-42E2-A2D9-147A15005490} = {0DF0CDC0-BDF8-4875-B1FA-5E91310B13F2}
		{5ABAECC1-7A28-45C3-86DD-391B795F1C4F} = {0DF0CDC0-BDF8-4875-B1FA-5E91310B13F2}
		{A6D7440D-255F-489B-8108-101B0148F68E} = {0DF0CDC0-BDF8-4875-B1FA-5E91310B13F2}
		{0C0EA27C-44FC-4C9C-9F04-B4DA11D03861} = {0DF0CDC0-BDF8-4875-B1FA-5E91310B13F2}
		{D3587EA1-2CFE-4156-8C8B-5CB567869FBD} = {05AB7F0C-5018-4498-86C9-0176DCFB42C6}
		{0C9E8D79-09FC-4088-99F5-7C48019ACFD0} = {05AB7F0C-5018-4498-86C9-0176DCFB42C6}
		{B5A94556-B26B-4D4F-842C-B9F89D51BDC4} = {05AB7F0C-5018-4498-86C9-0176DCFB42C6}
		{9FA9F1FD-DF1E-4C36-9FE6-C36B9CC35846} = {05AB7F0C-5018-4498-86C9-0176DCFB42C6}
		{64C16844-3DE9-4C34-92D7-35410092BBD4} = {05AB7F0C-5018-4498-86C9-0176DCFB42C6}
		{991CEAA9-9A28-4629-9644-7E1542389547} = {05AB7F0C-5018-4498-86C9-0176DCFB42C6}
		{707255C2-17AA-4FC2-867D-26FB592432BC} = {05AB7F0C-5018-4498-86C9-0176DCFB42C6}
		{95099489-87CC-45A5-A315-17BB302FA1E3} = {05AB7F0C-5018-4498-86C9-0176DCFB42C6}
		{2775FFAB-4460-4FF9-B27E-6B800E267ACD} = {05AB7F0C-5018-4498-86C9-0176DCFB42C6}
		{71EC291A-91BA-48B5-B976-394E790C566D} = {05AB7F0C-5018-4498-86C9-0176DCFB42C6}
		{A1B90110-8CED-4C62-AED1-12CEF3D0403F} = {05AB7F0C-5018-4498-86C9-0176DCFB42C6}
	EndGlobalSection
	GlobalSection(ExtensibilityGlobals) = postSolution
		SolutionGuid = {7646C864-AE26-4155-952D-DD79FA6DFA60}
	EndGlobalSection
EndGlobal
